
Microsoft Visual Studio Solution File, Format Version 12.00
# Visual Studio Version 17
VisualStudioVersion = 17.13.35931.197 d17.13
MinimumVisualStudioVersion = 10.0.40219.1
Project("{FAE04EC0-301F-11D3-BF4B-00C04F79EFBC}") = "CarRentalApp", "CarRentalApp\CarRentalApp.csproj", "{0D0E62F3-EFFE-4F49-ABF4-69EA17D69A28}"
EndProject
Global
	GlobalSection(SolutionConfigurationPlatforms) = preSolution
		Debug|Any CPU = Debug|Any CPU
		Release|Any CPU = Release|Any CPU
	EndGlobalSection
	GlobalSection(ProjectConfigurationPlatforms) = postSolution
		{0D0E62F3-EFFE-4F49-ABF4-69EA17D69A28}.Debug|Any CPU.ActiveCfg = Debug|Any CPU
		{0D0E62F3-EFFE-4F49-ABF4-69EA17D69A28}.Debug|Any CPU.Build.0 = Debug|Any CPU
		{0D0E62F3-EFFE-4F49-ABF4-69EA17D69A28}.Release|Any CPU.ActiveCfg = Release|Any CPU
		{0D0E62F3-EFFE-4F49-ABF4-69EA17D69A28}.Release|Any CPU.Build.0 = Release|Any CPU
	EndGlobalSection
	GlobalSection(SolutionProperties) = preSolution
		HideSolutionNode = FALSE
	EndGlobalSection
	GlobalSection(ExtensibilityGlobals) = postSolution
		SolutionGuid = {C853B7B7-F773-4907-95C2-CC1F2399B257}
	EndGlobalSection
EndGlobal
